
Microsoft Visual Studio Solution File, Format Version 12.00
# Visual Studio Version 16
VisualStudioVersion = 16.0.32106.194
MinimumVisualStudioVersion = 10.0.40219.1
Project("{FAE04EC0-301F-11D3-BF4B-00C04F79EFBC}") = "KUF2.Unpacker", "KUF2.Unpacker\KUF2.Unpacker.csproj", "{4A929918-E472-46D0-8FBD-D97090EAC6C9}"
EndProject
Global
	GlobalSection(SolutionConfigurationPlatforms) = preSolution
		Debug|Any CPU = Debug|Any CPU
		Release|Any CPU = Release|Any CPU
	EndGlobalSection
	GlobalSection(ProjectConfigurationPlatforms) = postSolution
		{4A929918-E472-46D0-8FBD-D97090EAC6C9}.Debug|Any CPU.ActiveCfg = Debug|Any CPU
		{4A929918-E472-46D0-8FBD-D97090EAC6C9}.Debug|Any CPU.Build.0 = Debug|Any CPU
		{4A929918-E472-46D0-8FBD-D97090EAC6C9}.Release|Any CPU.ActiveCfg = Release|Any CPU
		{4A929918-E472-46D0-8FBD-D97090EAC6C9}.Release|Any CPU.Build.0 = Release|Any CPU
	EndGlobalSection
	GlobalSection(SolutionProperties) = preSolution
		HideSolutionNode = FALSE
	EndGlobalSection
	GlobalSection(ExtensibilityGlobals) = postSolution
		SolutionGuid = {5EFFD3B0-AE1F-455F-95F4-4F691FA8509B}
	EndGlobalSection
EndGlobal
